// !$*UTF8*$!
{
	archiveVersion = 1;
	classes = {
	};
	objectVersion = 55;
	objects = {

/* Begin PBXBuildFile section */
		0DD8A3C08C2E372E90E19D03 /* Pods_AB_COMMERCE_iOS_AB_COMMERCE_iOSUITests.framework in Frameworks */ = {isa = PBXBuildFile; fileRef = 1D7BCBC64EC09E48F16492F2 /* Pods_AB_COMMERCE_iOS_AB_COMMERCE_iOSUITests.framework */; };
		16F588716F6A384BA6DA8ADE /* Pods_AB_COMMERCE_iOS.framework in Frameworks */ = {isa = PBXBuildFile; fileRef = F6DDD2F5E1CA311D991B3E25 /* Pods_AB_COMMERCE_iOS.framework */; };
		2835FB2328A097AF009E8404 /* AppDelegate.swift in Sources */ = {isa = PBXBuildFile; fileRef = 2835FB2228A097AF009E8404 /* AppDelegate.swift */; };
		2835FB2528A097AF009E8404 /* SceneDelegate.swift in Sources */ = {isa = PBXBuildFile; fileRef = 2835FB2428A097AF009E8404 /* SceneDelegate.swift */; };
		2835FB2C28A097B0009E8404 /* Assets.xcassets in Resources */ = {isa = PBXBuildFile; fileRef = 2835FB2B28A097B0009E8404 /* Assets.xcassets */; };
		2835FB2F28A097B0009E8404 /* LaunchScreen.storyboard in Resources */ = {isa = PBXBuildFile; fileRef = 2835FB2D28A097B0009E8404 /* LaunchScreen.storyboard */; };
		2835FB3A28A097B1009E8404 /* AB_COMMERCE_iOSTests.swift in Sources */ = {isa = PBXBuildFile; fileRef = 2835FB3928A097B1009E8404 /* AB_COMMERCE_iOSTests.swift */; };
		2835FB4428A097B1009E8404 /* AB_COMMERCE_iOSUITests.swift in Sources */ = {isa = PBXBuildFile; fileRef = 2835FB4328A097B1009E8404 /* AB_COMMERCE_iOSUITests.swift */; };
		2835FB4628A097B1009E8404 /* AB_COMMERCE_iOSUITestsLaunchTests.swift in Sources */ = {isa = PBXBuildFile; fileRef = 2835FB4528A097B1009E8404 /* AB_COMMERCE_iOSUITestsLaunchTests.swift */; };
		2835FB5328A0B56B009E8404 /* HomeViewController.swift in Sources */ = {isa = PBXBuildFile; fileRef = 2835FB5228A0B56A009E8404 /* HomeViewController.swift */; };
		2835FB5528A0B576009E8404 /* WishViewController.swift in Sources */ = {isa = PBXBuildFile; fileRef = 2835FB5428A0B576009E8404 /* WishViewController.swift */; };
		2835FB5728A0B592009E8404 /* ProductView.swift in Sources */ = {isa = PBXBuildFile; fileRef = 2835FB5628A0B592009E8404 /* ProductView.swift */; };
		2835FB5928A0B5A4009E8404 /* HomeProductCell.swift in Sources */ = {isa = PBXBuildFile; fileRef = 2835FB5828A0B5A4009E8404 /* HomeProductCell.swift */; };
		2835FB5B28A0B5B1009E8404 /* WishProductCell.swift in Sources */ = {isa = PBXBuildFile; fileRef = 2835FB5A28A0B5B1009E8404 /* WishProductCell.swift */; };
		2835FB5D28A0B5BB009E8404 /* BannerHeaderView.swift in Sources */ = {isa = PBXBuildFile; fileRef = 2835FB5C28A0B5BB009E8404 /* BannerHeaderView.swift */; };
		2835FB5F28A0B60E009E8404 /* TabBarController.swift in Sources */ = {isa = PBXBuildFile; fileRef = 2835FB5E28A0B60E009E8404 /* TabBarController.swift */; };
		2835FB6328A0B79D009E8404 /* BaseViewController.swift in Sources */ = {isa = PBXBuildFile; fileRef = 2835FB6228A0B79D009E8404 /* BaseViewController.swift */; };
		2835FB6C28A0C0EC009E8404 /* Goods.swift in Sources */ = {isa = PBXBuildFile; fileRef = 2835FB6B28A0C0EC009E8404 /* Goods.swift */; };
		2835FB6E28A0C0FC009E8404 /* Banners.swift in Sources */ = {isa = PBXBuildFile; fileRef = 2835FB6D28A0C0FC009E8404 /* Banners.swift */; };
		2835FB7028A0CE23009E8404 /* UIColor+Extension.swift in Sources */ = {isa = PBXBuildFile; fileRef = 2835FB6F28A0CE23009E8404 /* UIColor+Extension.swift */; };
		2835FB7228A0D103009E8404 /* BaseView.swift in Sources */ = {isa = PBXBuildFile; fileRef = 2835FB7128A0D103009E8404 /* BaseView.swift */; };
		2835FB7428A0D23A009E8404 /* NewProductBadgeView.swift in Sources */ = {isa = PBXBuildFile; fileRef = 2835FB7328A0D23A009E8404 /* NewProductBadgeView.swift */; };
		2835FB7628A0DC33009E8404 /* BaseStackView.swift in Sources */ = {isa = PBXBuildFile; fileRef = 2835FB7528A0DC33009E8404 /* BaseStackView.swift */; };
		2835FB7828A0E0BA009E8404 /* Int+Extension.swift in Sources */ = {isa = PBXBuildFile; fileRef = 2835FB7728A0E0BA009E8404 /* Int+Extension.swift */; };
		2835FB7A28A0E50E009E8404 /* BaseCollectionViewCell.swift in Sources */ = {isa = PBXBuildFile; fileRef = 2835FB7928A0E50E009E8404 /* BaseCollectionViewCell.swift */; };
		2835FB7C28A0EB3D009E8404 /* HomeViewModel.swift in Sources */ = {isa = PBXBuildFile; fileRef = 2835FB7B28A0EB3D009E8404 /* HomeViewModel.swift */; };
		2835FB7E28A0EBD5009E8404 /* HomeRepository.swift in Sources */ = {isa = PBXBuildFile; fileRef = 2835FB7D28A0EBD5009E8404 /* HomeRepository.swift */; };
		2835FB8128A0ED95009E8404 /* CommerceAPI.swift in Sources */ = {isa = PBXBuildFile; fileRef = 2835FB8028A0ED95009E8404 /* CommerceAPI.swift */; };
		2835FB8628A0EF28009E8404 /* Constants.swift in Sources */ = {isa = PBXBuildFile; fileRef = 2835FB8528A0EF28009E8404 /* Constants.swift */; };
		2835FB8A28A0F553009E8404 /* Home.swift in Sources */ = {isa = PBXBuildFile; fileRef = 2835FB8928A0F552009E8404 /* Home.swift */; };
		2835FB8C28A20E01009E8404 /* BannerHeaderImageCell.swift in Sources */ = {isa = PBXBuildFile; fileRef = 2835FB8B28A20E01009E8404 /* BannerHeaderImageCell.swift */; };
		2835FB8E28A2109C009E8404 /* PageControlView.swift in Sources */ = {isa = PBXBuildFile; fileRef = 2835FB8D28A2109C009E8404 /* PageControlView.swift */; };
		2835FB9128A21EEE009E8404 /* GoodsRealm.swift in Sources */ = {isa = PBXBuildFile; fileRef = 2835FB9028A21EEE009E8404 /* GoodsRealm.swift */; };
		2835FB9328A22B44009E8404 /* NSNotification+Extension.swift in Sources */ = {isa = PBXBuildFile; fileRef = 2835FB9228A22B44009E8404 /* NSNotification+Extension.swift */; };
		2835FB9528A2314F009E8404 /* WishViewModel.swift in Sources */ = {isa = PBXBuildFile; fileRef = 2835FB9428A2314F009E8404 /* WishViewModel.swift */; };
		2835FB9C28A2AEAE009E8404 /* UIImage+Extension.swift in Sources */ = {isa = PBXBuildFile; fileRef = 2835FB9B28A2AEAE009E8404 /* UIImage+Extension.swift */; };
		D2E17C709EB761584BFBBE86 /* Pods_AB_COMMERCE_iOSTests.framework in Frameworks */ = {isa = PBXBuildFile; fileRef = F2E85A3EB4F2C529CBBDE5D5 /* Pods_AB_COMMERCE_iOSTests.framework */; };
/* End PBXBuildFile section */

/* Begin PBXContainerItemProxy section */
		2835FB3628A097B1009E8404 /* PBXContainerItemProxy */ = {
			isa = PBXContainerItemProxy;
			containerPortal = 2835FB1728A097AF009E8404 /* Project object */;
			proxyType = 1;
			remoteGlobalIDString = 2835FB1E28A097AF009E8404;
			remoteInfo = AB_COMMERCE_iOS;
		};
		2835FB4028A097B1009E8404 /* PBXContainerItemProxy */ = {
			isa = PBXContainerItemProxy;
			containerPortal = 2835FB1728A097AF009E8404 /* Project object */;
			proxyType = 1;
			remoteGlobalIDString = 2835FB1E28A097AF009E8404;
			remoteInfo = AB_COMMERCE_iOS;
		};
/* End PBXContainerItemProxy section */

/* Begin PBXFileReference section */
		1D7BCBC64EC09E48F16492F2 /* Pods_AB_COMMERCE_iOS_AB_COMMERCE_iOSUITests.framework */ = {isa = PBXFileReference; explicitFileType = wrapper.framework; includeInIndex = 0; path = Pods_AB_COMMERCE_iOS_AB_COMMERCE_iOSUITests.framework; sourceTree = BUILT_PRODUCTS_DIR; };
		2835FB1F28A097AF009E8404 /* AB_COMMERCE_iOS.app */ = {isa = PBXFileReference; explicitFileType = wrapper.application; includeInIndex = 0; path = AB_COMMERCE_iOS.app; sourceTree = BUILT_PRODUCTS_DIR; };
		2835FB2228A097AF009E8404 /* AppDelegate.swift */ = {isa = PBXFileReference; lastKnownFileType = sourcecode.swift; path = AppDelegate.swift; sourceTree = "<group>"; };
		2835FB2428A097AF009E8404 /* SceneDelegate.swift */ = {isa = PBXFileReference; lastKnownFileType = sourcecode.swift; path = SceneDelegate.swift; sourceTree = "<group>"; };
		2835FB2B28A097B0009E8404 /* Assets.xcassets */ = {isa = PBXFileReference; lastKnownFileType = folder.assetcatalog; path = Assets.xcassets; sourceTree = "<group>"; };
		2835FB2E28A097B0009E8404 /* Base */ = {isa = PBXFileReference; lastKnownFileType = file.storyboard; name = Base; path = Base.lproj/LaunchScreen.storyboard; sourceTree = "<group>"; };
		2835FB3028A097B0009E8404 /* Info.plist */ = {isa = PBXFileReference; lastKnownFileType = text.plist.xml; path = Info.plist; sourceTree = "<group>"; };
		2835FB3528A097B1009E8404 /* AB_COMMERCE_iOSTests.xctest */ = {isa = PBXFileReference; explicitFileType = wrapper.cfbundle; includeInIndex = 0; path = AB_COMMERCE_iOSTests.xctest; sourceTree = BUILT_PRODUCTS_DIR; };
		2835FB3928A097B1009E8404 /* AB_COMMERCE_iOSTests.swift */ = {isa = PBXFileReference; lastKnownFileType = sourcecode.swift; path = AB_COMMERCE_iOSTests.swift; sourceTree = "<group>"; };
		2835FB3F28A097B1009E8404 /* AB_COMMERCE_iOSUITests.xctest */ = {isa = PBXFileReference; explicitFileType = wrapper.cfbundle; includeInIndex = 0; path = AB_COMMERCE_iOSUITests.xctest; sourceTree = BUILT_PRODUCTS_DIR; };
		2835FB4328A097B1009E8404 /* AB_COMMERCE_iOSUITests.swift */ = {isa = PBXFileReference; lastKnownFileType = sourcecode.swift; path = AB_COMMERCE_iOSUITests.swift; sourceTree = "<group>"; };
		2835FB4528A097B1009E8404 /* AB_COMMERCE_iOSUITestsLaunchTests.swift */ = {isa = PBXFileReference; lastKnownFileType = sourcecode.swift; path = AB_COMMERCE_iOSUITestsLaunchTests.swift; sourceTree = "<group>"; };
		2835FB5228A0B56A009E8404 /* HomeViewController.swift */ = {isa = PBXFileReference; lastKnownFileType = sourcecode.swift; path = HomeViewController.swift; sourceTree = "<group>"; };
		2835FB5428A0B576009E8404 /* WishViewController.swift */ = {isa = PBXFileReference; lastKnownFileType = sourcecode.swift; path = WishViewController.swift; sourceTree = "<group>"; };
		2835FB5628A0B592009E8404 /* ProductView.swift */ = {isa = PBXFileReference; lastKnownFileType = sourcecode.swift; path = ProductView.swift; sourceTree = "<group>"; };
		2835FB5828A0B5A4009E8404 /* HomeProductCell.swift */ = {isa = PBXFileReference; lastKnownFileType = sourcecode.swift; path = HomeProductCell.swift; sourceTree = "<group>"; };
		2835FB5A28A0B5B1009E8404 /* WishProductCell.swift */ = {isa = PBXFileReference; lastKnownFileType = sourcecode.swift; path = WishProductCell.swift; sourceTree = "<group>"; };
		2835FB5C28A0B5BB009E8404 /* BannerHeaderView.swift */ = {isa = PBXFileReference; lastKnownFileType = sourcecode.swift; path = BannerHeaderView.swift; sourceTree = "<group>"; };
		2835FB5E28A0B60E009E8404 /* TabBarController.swift */ = {isa = PBXFileReference; lastKnownFileType = sourcecode.swift; path = TabBarController.swift; sourceTree = "<group>"; };
		2835FB6228A0B79D009E8404 /* BaseViewController.swift */ = {isa = PBXFileReference; lastKnownFileType = sourcecode.swift; path = BaseViewController.swift; sourceTree = "<group>"; };
		2835FB6B28A0C0EC009E8404 /* Goods.swift */ = {isa = PBXFileReference; lastKnownFileType = sourcecode.swift; path = Goods.swift; sourceTree = "<group>"; };
		2835FB6D28A0C0FC009E8404 /* Banners.swift */ = {isa = PBXFileReference; lastKnownFileType = sourcecode.swift; path = Banners.swift; sourceTree = "<group>"; };
		2835FB6F28A0CE23009E8404 /* UIColor+Extension.swift */ = {isa = PBXFileReference; lastKnownFileType = sourcecode.swift; path = "UIColor+Extension.swift"; sourceTree = "<group>"; };
		2835FB7128A0D103009E8404 /* BaseView.swift */ = {isa = PBXFileReference; lastKnownFileType = sourcecode.swift; path = BaseView.swift; sourceTree = "<group>"; };
		2835FB7328A0D23A009E8404 /* NewProductBadgeView.swift */ = {isa = PBXFileReference; lastKnownFileType = sourcecode.swift; path = NewProductBadgeView.swift; sourceTree = "<group>"; };
		2835FB7528A0DC33009E8404 /* BaseStackView.swift */ = {isa = PBXFileReference; lastKnownFileType = sourcecode.swift; path = BaseStackView.swift; sourceTree = "<group>"; };
		2835FB7728A0E0BA009E8404 /* Int+Extension.swift */ = {isa = PBXFileReference; lastKnownFileType = sourcecode.swift; path = "Int+Extension.swift"; sourceTree = "<group>"; };
		2835FB7928A0E50E009E8404 /* BaseCollectionViewCell.swift */ = {isa = PBXFileReference; lastKnownFileType = sourcecode.swift; path = BaseCollectionViewCell.swift; sourceTree = "<group>"; };
		2835FB7B28A0EB3D009E8404 /* HomeViewModel.swift */ = {isa = PBXFileReference; lastKnownFileType = sourcecode.swift; path = HomeViewModel.swift; sourceTree = "<group>"; };
		2835FB7D28A0EBD5009E8404 /* HomeRepository.swift */ = {isa = PBXFileReference; lastKnownFileType = sourcecode.swift; path = HomeRepository.swift; sourceTree = "<group>"; };
		2835FB8028A0ED95009E8404 /* CommerceAPI.swift */ = {isa = PBXFileReference; lastKnownFileType = sourcecode.swift; path = CommerceAPI.swift; sourceTree = "<group>"; };
		2835FB8528A0EF28009E8404 /* Constants.swift */ = {isa = PBXFileReference; lastKnownFileType = sourcecode.swift; path = Constants.swift; sourceTree = "<group>"; };
		2835FB8928A0F552009E8404 /* Home.swift */ = {isa = PBXFileReference; lastKnownFileType = sourcecode.swift; path = Home.swift; sourceTree = "<group>"; };
		2835FB8B28A20E01009E8404 /* BannerHeaderImageCell.swift */ = {isa = PBXFileReference; lastKnownFileType = sourcecode.swift; path = BannerHeaderImageCell.swift; sourceTree = "<group>"; };
		2835FB8D28A2109C009E8404 /* PageControlView.swift */ = {isa = PBXFileReference; lastKnownFileType = sourcecode.swift; path = PageControlView.swift; sourceTree = "<group>"; };
		2835FB9028A21EEE009E8404 /* GoodsRealm.swift */ = {isa = PBXFileReference; lastKnownFileType = sourcecode.swift; path = GoodsRealm.swift; sourceTree = "<group>"; };
		2835FB9228A22B44009E8404 /* NSNotification+Extension.swift */ = {isa = PBXFileReference; lastKnownFileType = sourcecode.swift; path = "NSNotification+Extension.swift"; sourceTree = "<group>"; };
		2835FB9428A2314F009E8404 /* WishViewModel.swift */ = {isa = PBXFileReference; lastKnownFileType = sourcecode.swift; path = WishViewModel.swift; sourceTree = "<group>"; };
		2835FB9B28A2AEAE009E8404 /* UIImage+Extension.swift */ = {isa = PBXFileReference; lastKnownFileType = sourcecode.swift; path = "UIImage+Extension.swift"; sourceTree = "<group>"; };
		35412745532C57C78DFB2267 /* Pods-AB_COMMERCE_iOS-AB_COMMERCE_iOSUITests.debug.xcconfig */ = {isa = PBXFileReference; includeInIndex = 1; lastKnownFileType = text.xcconfig; name = "Pods-AB_COMMERCE_iOS-AB_COMMERCE_iOSUITests.debug.xcconfig"; path = "Target Support Files/Pods-AB_COMMERCE_iOS-AB_COMMERCE_iOSUITests/Pods-AB_COMMERCE_iOS-AB_COMMERCE_iOSUITests.debug.xcconfig"; sourceTree = "<group>"; };
		57177DD0AA1E4C265D24F8CD /* Pods-AB_COMMERCE_iOSTests.debug.xcconfig */ = {isa = PBXFileReference; includeInIndex = 1; lastKnownFileType = text.xcconfig; name = "Pods-AB_COMMERCE_iOSTests.debug.xcconfig"; path = "Target Support Files/Pods-AB_COMMERCE_iOSTests/Pods-AB_COMMERCE_iOSTests.debug.xcconfig"; sourceTree = "<group>"; };
		577585C14A221B664D52FA54 /* Pods-AB_COMMERCE_iOS-AB_COMMERCE_iOSUITests.release.xcconfig */ = {isa = PBXFileReference; includeInIndex = 1; lastKnownFileType = text.xcconfig; name = "Pods-AB_COMMERCE_iOS-AB_COMMERCE_iOSUITests.release.xcconfig"; path = "Target Support Files/Pods-AB_COMMERCE_iOS-AB_COMMERCE_iOSUITests/Pods-AB_COMMERCE_iOS-AB_COMMERCE_iOSUITests.release.xcconfig"; sourceTree = "<group>"; };
		8087F2D2682C47AF977193C0 /* Pods-AB_COMMERCE_iOSTests.release.xcconfig */ = {isa = PBXFileReference; includeInIndex = 1; lastKnownFileType = text.xcconfig; name = "Pods-AB_COMMERCE_iOSTests.release.xcconfig"; path = "Target Support Files/Pods-AB_COMMERCE_iOSTests/Pods-AB_COMMERCE_iOSTests.release.xcconfig"; sourceTree = "<group>"; };
		E7579C72145A063511C9BE26 /* Pods-AB_COMMERCE_iOS.release.xcconfig */ = {isa = PBXFileReference; includeInIndex = 1; lastKnownFileType = text.xcconfig; name = "Pods-AB_COMMERCE_iOS.release.xcconfig"; path = "Target Support Files/Pods-AB_COMMERCE_iOS/Pods-AB_COMMERCE_iOS.release.xcconfig"; sourceTree = "<group>"; };
		F246C9EEF2ADD0BEE5BC6FF8 /* Pods-AB_COMMERCE_iOS.debug.xcconfig */ = {isa = PBXFileReference; includeInIndex = 1; lastKnownFileType = text.xcconfig; name = "Pods-AB_COMMERCE_iOS.debug.xcconfig"; path = "Target Support Files/Pods-AB_COMMERCE_iOS/Pods-AB_COMMERCE_iOS.debug.xcconfig"; sourceTree = "<group>"; };
		F2E85A3EB4F2C529CBBDE5D5 /* Pods_AB_COMMERCE_iOSTests.framework */ = {isa = PBXFileReference; explicitFileType = wrapper.framework; includeInIndex = 0; path = Pods_AB_COMMERCE_iOSTests.framework; sourceTree = BUILT_PRODUCTS_DIR; };
		F6DDD2F5E1CA311D991B3E25 /* Pods_AB_COMMERCE_iOS.framework */ = {isa = PBXFileReference; explicitFileType = wrapper.framework; includeInIndex = 0; path = Pods_AB_COMMERCE_iOS.framework; sourceTree = BUILT_PRODUCTS_DIR; };
/* End PBXFileReference section */

/* Begin PBXFrameworksBuildPhase section */
		2835FB1C28A097AF009E8404 /* Frameworks */ = {
			isa = PBXFrameworksBuildPhase;
			buildActionMask = 2147483647;
			files = (
				16F588716F6A384BA6DA8ADE /* Pods_AB_COMMERCE_iOS.framework in Frameworks */,
			);
			runOnlyForDeploymentPostprocessing = 0;
		};
		2835FB3228A097B1009E8404 /* Frameworks */ = {
			isa = PBXFrameworksBuildPhase;
			buildActionMask = 2147483647;
			files = (
				D2E17C709EB761584BFBBE86 /* Pods_AB_COMMERCE_iOSTests.framework in Frameworks */,
			);
			runOnlyForDeploymentPostprocessing = 0;
		};
		2835FB3C28A097B1009E8404 /* Frameworks */ = {
			isa = PBXFrameworksBuildPhase;
			buildActionMask = 2147483647;
			files = (
				0DD8A3C08C2E372E90E19D03 /* Pods_AB_COMMERCE_iOS_AB_COMMERCE_iOSUITests.framework in Frameworks */,
			);
			runOnlyForDeploymentPostprocessing = 0;
		};
/* End PBXFrameworksBuildPhase section */

/* Begin PBXGroup section */
		2835FB1628A097AF009E8404 = {
			isa = PBXGroup;
			children = (
				2835FB2128A097AF009E8404 /* AB_COMMERCE_iOS */,
				2835FB3828A097B1009E8404 /* AB_COMMERCE_iOSTests */,
				2835FB4228A097B1009E8404 /* AB_COMMERCE_iOSUITests */,
				2835FB2028A097AF009E8404 /* Products */,
				AE1FEC34C79E3D3450D7F619 /* Pods */,
				B8E7BCBEFD545CB2D6A04C45 /* Frameworks */,
			);
			sourceTree = "<group>";
		};
		2835FB2028A097AF009E8404 /* Products */ = {
			isa = PBXGroup;
			children = (
				2835FB1F28A097AF009E8404 /* AB_COMMERCE_iOS.app */,
				2835FB3528A097B1009E8404 /* AB_COMMERCE_iOSTests.xctest */,
				2835FB3F28A097B1009E8404 /* AB_COMMERCE_iOSUITests.xctest */,
			);
			name = Products;
			sourceTree = "<group>";
		};
		2835FB2128A097AF009E8404 /* AB_COMMERCE_iOS */ = {
			isa = PBXGroup;
			children = (
				2835FB2228A097AF009E8404 /* AppDelegate.swift */,
				2835FB2428A097AF009E8404 /* SceneDelegate.swift */,
				2835FB8228A0EE49009E8404 /* config */,
				2835FB6428A0BB4C009E8404 /* extension */,
				2835FB6028A0B765009E8404 /* base */,
				2835FB7F28A0EC22009E8404 /* api */,
				2835FB8F28A21ED9009E8404 /* realm */,
				2835FB6A28A0C0D5009E8404 /* model */,
				2835FB6828A0C097009E8404 /* view */,
				2835FB2B28A097B0009E8404 /* Assets.xcassets */,
				2835FB2D28A097B0009E8404 /* LaunchScreen.storyboard */,
				2835FB3028A097B0009E8404 /* Info.plist */,
			);
			path = AB_COMMERCE_iOS;
			sourceTree = "<group>";
		};
		2835FB3828A097B1009E8404 /* AB_COMMERCE_iOSTests */ = {
			isa = PBXGroup;
			children = (
				2835FB3928A097B1009E8404 /* AB_COMMERCE_iOSTests.swift */,
			);
			path = AB_COMMERCE_iOSTests;
			sourceTree = "<group>";
		};
		2835FB4228A097B1009E8404 /* AB_COMMERCE_iOSUITests */ = {
			isa = PBXGroup;
			children = (
				2835FB4328A097B1009E8404 /* AB_COMMERCE_iOSUITests.swift */,
				2835FB4528A097B1009E8404 /* AB_COMMERCE_iOSUITestsLaunchTests.swift */,
			);
			path = AB_COMMERCE_iOSUITests;
			sourceTree = "<group>";
		};
		2835FB6028A0B765009E8404 /* base */ = {
			isa = PBXGroup;
			children = (
				2835FB6228A0B79D009E8404 /* BaseViewController.swift */,
				2835FB7128A0D103009E8404 /* BaseView.swift */,
				2835FB7528A0DC33009E8404 /* BaseStackView.swift */,
				2835FB7928A0E50E009E8404 /* BaseCollectionViewCell.swift */,
			);
			path = base;
			sourceTree = "<group>";
		};
		2835FB6428A0BB4C009E8404 /* extension */ = {
			isa = PBXGroup;
			children = (
				2835FB6F28A0CE23009E8404 /* UIColor+Extension.swift */,
				2835FB7728A0E0BA009E8404 /* Int+Extension.swift */,
				2835FB9228A22B44009E8404 /* NSNotification+Extension.swift */,
				2835FB9B28A2AEAE009E8404 /* UIImage+Extension.swift */,
			);
			path = extension;
			sourceTree = "<group>";
		};
		2835FB6728A0C059009E8404 /* home */ = {
			isa = PBXGroup;
			children = (
				2835FB5228A0B56A009E8404 /* HomeViewController.swift */,
				2835FB7B28A0EB3D009E8404 /* HomeViewModel.swift */,
				2835FB7D28A0EBD5009E8404 /* HomeRepository.swift */,
				2835FB9628A2546D009E8404 /* banner */,
				2835FB9728A25485009E8404 /* goods */,
			);
			path = home;
			sourceTree = "<group>";
		};
		2835FB6828A0C097009E8404 /* view */ = {
			isa = PBXGroup;
			children = (
				2835FB5E28A0B60E009E8404 /* TabBarController.swift */,
				2835FB6728A0C059009E8404 /* home */,
				2835FB6928A0C0A4009E8404 /* wish */,
				2835FB9A28A254C0009E8404 /* custom */,
			);
			path = view;
			sourceTree = "<group>";
		};
		2835FB6928A0C0A4009E8404 /* wish */ = {
			isa = PBXGroup;
			children = (
				2835FB5428A0B576009E8404 /* WishViewController.swift */,
				2835FB9428A2314F009E8404 /* WishViewModel.swift */,
				2835FB9828A25496009E8404 /* goods */,
				2835FB5A28A0B5B1009E8404 /* WishProductCell.swift */,
			);
			path = wish;
			sourceTree = "<group>";
		};
		2835FB6A28A0C0D5009E8404 /* model */ = {
			isa = PBXGroup;
			children = (
				2835FB8928A0F552009E8404 /* Home.swift */,
				2835FB6B28A0C0EC009E8404 /* Goods.swift */,
				2835FB6D28A0C0FC009E8404 /* Banners.swift */,
			);
			path = model;
			sourceTree = "<group>";
		};
		2835FB7F28A0EC22009E8404 /* api */ = {
			isa = PBXGroup;
			children = (
				2835FB8028A0ED95009E8404 /* CommerceAPI.swift */,
			);
			path = api;
			sourceTree = "<group>";
		};
		2835FB8228A0EE49009E8404 /* config */ = {
			isa = PBXGroup;
			children = (
				2835FB8528A0EF28009E8404 /* Constants.swift */,
			);
			path = config;
			sourceTree = "<group>";
		};
		2835FB8F28A21ED9009E8404 /* realm */ = {
			isa = PBXGroup;
			children = (
				2835FB9028A21EEE009E8404 /* GoodsRealm.swift */,
			);
			path = realm;
			sourceTree = "<group>";
		};
		2835FB9628A2546D009E8404 /* banner */ = {
			isa = PBXGroup;
			children = (
				2835FB5C28A0B5BB009E8404 /* BannerHeaderView.swift */,
				2835FB8B28A20E01009E8404 /* BannerHeaderImageCell.swift */,
			);
			path = banner;
			sourceTree = "<group>";
		};
		2835FB9728A25485009E8404 /* goods */ = {
			isa = PBXGroup;
			children = (
				2835FB5828A0B5A4009E8404 /* HomeProductCell.swift */,
			);
			path = goods;
			sourceTree = "<group>";
		};
		2835FB9828A25496009E8404 /* goods */ = {
			isa = PBXGroup;
			children = (
			);
			path = goods;
			sourceTree = "<group>";
		};
		2835FB9A28A254C0009E8404 /* custom */ = {
			isa = PBXGroup;
			children = (
				2835FB5628A0B592009E8404 /* ProductView.swift */,
				2835FB8D28A2109C009E8404 /* PageControlView.swift */,
				2835FB7328A0D23A009E8404 /* NewProductBadgeView.swift */,
			);
			path = custom;
			sourceTree = "<group>";
		};
		AE1FEC34C79E3D3450D7F619 /* Pods */ = {
			isa = PBXGroup;
			children = (
				F246C9EEF2ADD0BEE5BC6FF8 /* Pods-AB_COMMERCE_iOS.debug.xcconfig */,
				E7579C72145A063511C9BE26 /* Pods-AB_COMMERCE_iOS.release.xcconfig */,
				35412745532C57C78DFB2267 /* Pods-AB_COMMERCE_iOS-AB_COMMERCE_iOSUITests.debug.xcconfig */,
				577585C14A221B664D52FA54 /* Pods-AB_COMMERCE_iOS-AB_COMMERCE_iOSUITests.release.xcconfig */,
				57177DD0AA1E4C265D24F8CD /* Pods-AB_COMMERCE_iOSTests.debug.xcconfig */,
				8087F2D2682C47AF977193C0 /* Pods-AB_COMMERCE_iOSTests.release.xcconfig */,
			);
			path = Pods;
			sourceTree = "<group>";
		};
		B8E7BCBEFD545CB2D6A04C45 /* Frameworks */ = {
			isa = PBXGroup;
			children = (
				F6DDD2F5E1CA311D991B3E25 /* Pods_AB_COMMERCE_iOS.framework */,
				1D7BCBC64EC09E48F16492F2 /* Pods_AB_COMMERCE_iOS_AB_COMMERCE_iOSUITests.framework */,
				F2E85A3EB4F2C529CBBDE5D5 /* Pods_AB_COMMERCE_iOSTests.framework */,
			);
			name = Frameworks;
			sourceTree = "<group>";
		};
/* End PBXGroup section */

/* Begin PBXNativeTarget section */
		2835FB1E28A097AF009E8404 /* AB_COMMERCE_iOS */ = {
			isa = PBXNativeTarget;
			buildConfigurationList = 2835FB4928A097B1009E8404 /* Build configuration list for PBXNativeTarget "AB_COMMERCE_iOS" */;
			buildPhases = (
				4714DE706B3D9A6E0C6FDDA0 /* [CP] Check Pods Manifest.lock */,
				2835FB1B28A097AF009E8404 /* Sources */,
				2835FB1C28A097AF009E8404 /* Frameworks */,
				2835FB1D28A097AF009E8404 /* Resources */,
				F4054F7D0099051DE4122AA3 /* [CP] Embed Pods Frameworks */,
			);
			buildRules = (
			);
			dependencies = (
			);
			name = AB_COMMERCE_iOS;
			productName = AB_COMMERCE_iOS;
			productReference = 2835FB1F28A097AF009E8404 /* AB_COMMERCE_iOS.app */;
			productType = "com.apple.product-type.application";
		};
		2835FB3428A097B1009E8404 /* AB_COMMERCE_iOSTests */ = {
			isa = PBXNativeTarget;
			buildConfigurationList = 2835FB4C28A097B1009E8404 /* Build configuration list for PBXNativeTarget "AB_COMMERCE_iOSTests" */;
			buildPhases = (
				673B8E8974E58941F3B09D58 /* [CP] Check Pods Manifest.lock */,
				2835FB3128A097B1009E8404 /* Sources */,
				2835FB3228A097B1009E8404 /* Frameworks */,
				2835FB3328A097B1009E8404 /* Resources */,
			);
			buildRules = (
			);
			dependencies = (
				2835FB3728A097B1009E8404 /* PBXTargetDependency */,
			);
			name = AB_COMMERCE_iOSTests;
			productName = AB_COMMERCE_iOSTests;
			productReference = 2835FB3528A097B1009E8404 /* AB_COMMERCE_iOSTests.xctest */;
			productType = "com.apple.product-type.bundle.unit-test";
		};
		2835FB3E28A097B1009E8404 /* AB_COMMERCE_iOSUITests */ = {
			isa = PBXNativeTarget;
			buildConfigurationList = 2835FB4F28A097B1009E8404 /* Build configuration list for PBXNativeTarget "AB_COMMERCE_iOSUITests" */;
			buildPhases = (
				67B0E7FF6B38ACE2788E62FF /* [CP] Check Pods Manifest.lock */,
				2835FB3B28A097B1009E8404 /* Sources */,
				2835FB3C28A097B1009E8404 /* Frameworks */,
				2835FB3D28A097B1009E8404 /* Resources */,
				98237935631A2708291FE86B /* [CP] Embed Pods Frameworks */,
			);
			buildRules = (
			);
			dependencies = (
				2835FB4128A097B1009E8404 /* PBXTargetDependency */,
			);
			name = AB_COMMERCE_iOSUITests;
			productName = AB_COMMERCE_iOSUITests;
			productReference = 2835FB3F28A097B1009E8404 /* AB_COMMERCE_iOSUITests.xctest */;
			productType = "com.apple.product-type.bundle.ui-testing";
		};
/* End PBXNativeTarget section */

/* Begin PBXProject section */
		2835FB1728A097AF009E8404 /* Project object */ = {
			isa = PBXProject;
			attributes = {
				BuildIndependentTargetsInParallel = 1;
				LastSwiftUpdateCheck = 1340;
				LastUpgradeCheck = 1340;
				TargetAttributes = {
					2835FB1E28A097AF009E8404 = {
						CreatedOnToolsVersion = 13.4.1;
					};
					2835FB3428A097B1009E8404 = {
						CreatedOnToolsVersion = 13.4.1;
						TestTargetID = 2835FB1E28A097AF009E8404;
					};
					2835FB3E28A097B1009E8404 = {
						CreatedOnToolsVersion = 13.4.1;
						TestTargetID = 2835FB1E28A097AF009E8404;
					};
				};
			};
			buildConfigurationList = 2835FB1A28A097AF009E8404 /* Build configuration list for PBXProject "AB_COMMERCE_iOS" */;
			compatibilityVersion = "Xcode 13.0";
			developmentRegion = en;
			hasScannedForEncodings = 0;
			knownRegions = (
				en,
				Base,
			);
			mainGroup = 2835FB1628A097AF009E8404;
			productRefGroup = 2835FB2028A097AF009E8404 /* Products */;
			projectDirPath = "";
			projectRoot = "";
			targets = (
				2835FB1E28A097AF009E8404 /* AB_COMMERCE_iOS */,
				2835FB3428A097B1009E8404 /* AB_COMMERCE_iOSTests */,
				2835FB3E28A097B1009E8404 /* AB_COMMERCE_iOSUITests */,
			);
		};
/* End PBXProject section */

/* Begin PBXResourcesBuildPhase section */
		2835FB1D28A097AF009E8404 /* Resources */ = {
			isa = PBXResourcesBuildPhase;
			buildActionMask = 2147483647;
			files = (
				2835FB2F28A097B0009E8404 /* LaunchScreen.storyboard in Resources */,
				2835FB2C28A097B0009E8404 /* Assets.xcassets in Resources */,
			);
			runOnlyForDeploymentPostprocessing = 0;
		};
		2835FB3328A097B1009E8404 /* Resources */ = {
			isa = PBXResourcesBuildPhase;
			buildActionMask = 2147483647;
			files = (
			);
			runOnlyForDeploymentPostprocessing = 0;
		};
		2835FB3D28A097B1009E8404 /* Resources */ = {
			isa = PBXResourcesBuildPhase;
			buildActionMask = 2147483647;
			files = (
			);
			runOnlyForDeploymentPostprocessing = 0;
		};
/* End PBXResourcesBuildPhase section */

/* Begin PBXShellScriptBuildPhase section */
		4714DE706B3D9A6E0C6FDDA0 /* [CP] Check Pods Manifest.lock */ = {
			isa = PBXShellScriptBuildPhase;
			buildActionMask = 2147483647;
			files = (
			);
			inputFileListPaths = (
			);
			inputPaths = (
				"${PODS_PODFILE_DIR_PATH}/Podfile.lock",
				"${PODS_ROOT}/Manifest.lock",
			);
			name = "[CP] Check Pods Manifest.lock";
			outputFileListPaths = (
			);
			outputPaths = (
				"$(DERIVED_FILE_DIR)/Pods-AB_COMMERCE_iOS-checkManifestLockResult.txt",
			);
			runOnlyForDeploymentPostprocessing = 0;
			shellPath = /bin/sh;
			shellScript = "diff \"${PODS_PODFILE_DIR_PATH}/Podfile.lock\" \"${PODS_ROOT}/Manifest.lock\" > /dev/null\nif [ $? != 0 ] ; then\n    # print error to STDERR\n    echo \"error: The sandbox is not in sync with the Podfile.lock. Run 'pod install' or update your CocoaPods installation.\" >&2\n    exit 1\nfi\n# This output is used by Xcode 'outputs' to avoid re-running this script phase.\necho \"SUCCESS\" > \"${SCRIPT_OUTPUT_FILE_0}\"\n";
			showEnvVarsInLog = 0;
		};
		673B8E8974E58941F3B09D58 /* [CP] Check Pods Manifest.lock */ = {
			isa = PBXShellScriptBuildPhase;
			buildActionMask = 2147483647;
			files = (
			);
			inputFileListPaths = (
			);
			inputPaths = (
				"${PODS_PODFILE_DIR_PATH}/Podfile.lock",
				"${PODS_ROOT}/Manifest.lock",
			);
			name = "[CP] Check Pods Manifest.lock";
			outputFileListPaths = (
			);
			outputPaths = (
				"$(DERIVED_FILE_DIR)/Pods-AB_COMMERCE_iOSTests-checkManifestLockResult.txt",
			);
			runOnlyForDeploymentPostprocessing = 0;
			shellPath = /bin/sh;
			shellScript = "diff \"${PODS_PODFILE_DIR_PATH}/Podfile.lock\" \"${PODS_ROOT}/Manifest.lock\" > /dev/null\nif [ $? != 0 ] ; then\n    # print error to STDERR\n    echo \"error: The sandbox is not in sync with the Podfile.lock. Run 'pod install' or update your CocoaPods installation.\" >&2\n    exit 1\nfi\n# This output is used by Xcode 'outputs' to avoid re-running this script phase.\necho \"SUCCESS\" > \"${SCRIPT_OUTPUT_FILE_0}\"\n";
			showEnvVarsInLog = 0;
		};
		67B0E7FF6B38ACE2788E62FF /* [CP] Check Pods Manifest.lock */ = {
			isa = PBXShellScriptBuildPhase;
			buildActionMask = 2147483647;
			files = (
			);
			inputFileListPaths = (
			);
			inputPaths = (
				"${PODS_PODFILE_DIR_PATH}/Podfile.lock",
				"${PODS_ROOT}/Manifest.lock",
			);
			name = "[CP] Check Pods Manifest.lock";
			outputFileListPaths = (
			);
			outputPaths = (
				"$(DERIVED_FILE_DIR)/Pods-AB_COMMERCE_iOS-AB_COMMERCE_iOSUITests-checkManifestLockResult.txt",
			);
			runOnlyForDeploymentPostprocessing = 0;
			shellPath = /bin/sh;
			shellScript = "diff \"${PODS_PODFILE_DIR_PATH}/Podfile.lock\" \"${PODS_ROOT}/Manifest.lock\" > /dev/null\nif [ $? != 0 ] ; then\n    # print error to STDERR\n    echo \"error: The sandbox is not in sync with the Podfile.lock. Run 'pod install' or update your CocoaPods installation.\" >&2\n    exit 1\nfi\n# This output is used by Xcode 'outputs' to avoid re-running this script phase.\necho \"SUCCESS\" > \"${SCRIPT_OUTPUT_FILE_0}\"\n";
			showEnvVarsInLog = 0;
		};
		98237935631A2708291FE86B /* [CP] Embed Pods Frameworks */ = {
			isa = PBXShellScriptBuildPhase;
			buildActionMask = 2147483647;
			files = (
			);
			inputFileListPaths = (
				"${PODS_ROOT}/Target Support Files/Pods-AB_COMMERCE_iOS-AB_COMMERCE_iOSUITests/Pods-AB_COMMERCE_iOS-AB_COMMERCE_iOSUITests-frameworks-${CONFIGURATION}-input-files.xcfilelist",
			);
			name = "[CP] Embed Pods Frameworks";
			outputFileListPaths = (
				"${PODS_ROOT}/Target Support Files/Pods-AB_COMMERCE_iOS-AB_COMMERCE_iOSUITests/Pods-AB_COMMERCE_iOS-AB_COMMERCE_iOSUITests-frameworks-${CONFIGURATION}-output-files.xcfilelist",
			);
			runOnlyForDeploymentPostprocessing = 0;
			shellPath = /bin/sh;
			shellScript = "\"${PODS_ROOT}/Target Support Files/Pods-AB_COMMERCE_iOS-AB_COMMERCE_iOSUITests/Pods-AB_COMMERCE_iOS-AB_COMMERCE_iOSUITests-frameworks.sh\"\n";
			showEnvVarsInLog = 0;
		};
		F4054F7D0099051DE4122AA3 /* [CP] Embed Pods Frameworks */ = {
			isa = PBXShellScriptBuildPhase;
			buildActionMask = 2147483647;
			files = (
			);
			inputFileListPaths = (
				"${PODS_ROOT}/Target Support Files/Pods-AB_COMMERCE_iOS/Pods-AB_COMMERCE_iOS-frameworks-${CONFIGURATION}-input-files.xcfilelist",
			);
			name = "[CP] Embed Pods Frameworks";
			outputFileListPaths = (
				"${PODS_ROOT}/Target Support Files/Pods-AB_COMMERCE_iOS/Pods-AB_COMMERCE_iOS-frameworks-${CONFIGURATION}-output-files.xcfilelist",
			);
			runOnlyForDeploymentPostprocessing = 0;
			shellPath = /bin/sh;
			shellScript = "\"${PODS_ROOT}/Target Support Files/Pods-AB_COMMERCE_iOS/Pods-AB_COMMERCE_iOS-frameworks.sh\"\n";
			showEnvVarsInLog = 0;
		};
/* End PBXShellScriptBuildPhase section */

/* Begin PBXSourcesBuildPhase section */
		2835FB1B28A097AF009E8404 /* Sources */ = {
			isa = PBXSourcesBuildPhase;
			buildActionMask = 2147483647;
			files = (
				2835FB2328A097AF009E8404 /* AppDelegate.swift in Sources */,
				2835FB7E28A0EBD5009E8404 /* HomeRepository.swift in Sources */,
				2835FB9128A21EEE009E8404 /* GoodsRealm.swift in Sources */,
				2835FB8A28A0F553009E8404 /* Home.swift in Sources */,
				2835FB5D28A0B5BB009E8404 /* BannerHeaderView.swift in Sources */,
				2835FB7C28A0EB3D009E8404 /* HomeViewModel.swift in Sources */,
				2835FB7828A0E0BA009E8404 /* Int+Extension.swift in Sources */,
				2835FB8628A0EF28009E8404 /* Constants.swift in Sources */,
				2835FB6328A0B79D009E8404 /* BaseViewController.swift in Sources */,
				2835FB2528A097AF009E8404 /* SceneDelegate.swift in Sources */,
				2835FB8128A0ED95009E8404 /* CommerceAPI.swift in Sources */,
				2835FB5F28A0B60E009E8404 /* TabBarController.swift in Sources */,
				2835FB5528A0B576009E8404 /* WishViewController.swift in Sources */,
				2835FB7028A0CE23009E8404 /* UIColor+Extension.swift in Sources */,
				2835FB5B28A0B5B1009E8404 /* WishProductCell.swift in Sources */,
				2835FB5928A0B5A4009E8404 /* HomeProductCell.swift in Sources */,
				2835FB5728A0B592009E8404 /* ProductView.swift in Sources */,
				2835FB6C28A0C0EC009E8404 /* Goods.swift in Sources */,
				2835FB8C28A20E01009E8404 /* BannerHeaderImageCell.swift in Sources */,
				2835FB7228A0D103009E8404 /* BaseView.swift in Sources */,
				2835FB9528A2314F009E8404 /* WishViewModel.swift in Sources */,
				2835FB9328A22B44009E8404 /* NSNotification+Extension.swift in Sources */,
				2835FB7428A0D23A009E8404 /* NewProductBadgeView.swift in Sources */,
				2835FB8E28A2109C009E8404 /* PageControlView.swift in Sources */,
				2835FB5328A0B56B009E8404 /* HomeViewController.swift in Sources */,
				2835FB6E28A0C0FC009E8404 /* Banners.swift in Sources */,
				2835FB9C28A2AEAE009E8404 /* UIImage+Extension.swift in Sources */,
				2835FB7A28A0E50E009E8404 /* BaseCollectionViewCell.swift in Sources */,
				2835FB7628A0DC33009E8404 /* BaseStackView.swift in Sources */,
			);
			runOnlyForDeploymentPostprocessing = 0;
		};
		2835FB3128A097B1009E8404 /* Sources */ = {
			isa = PBXSourcesBuildPhase;
			buildActionMask = 2147483647;
			files = (
				2835FB3A28A097B1009E8404 /* AB_COMMERCE_iOSTests.swift in Sources */,
			);
			runOnlyForDeploymentPostprocessing = 0;
		};
		2835FB3B28A097B1009E8404 /* Sources */ = {
			isa = PBXSourcesBuildPhase;
			buildActionMask = 2147483647;
			files = (
				2835FB4628A097B1009E8404 /* AB_COMMERCE_iOSUITestsLaunchTests.swift in Sources */,
				2835FB4428A097B1009E8404 /* AB_COMMERCE_iOSUITests.swift in Sources */,
			);
			runOnlyForDeploymentPostprocessing = 0;
		};
/* End PBXSourcesBuildPhase section */

/* Begin PBXTargetDependency section */
		2835FB3728A097B1009E8404 /* PBXTargetDependency */ = {
			isa = PBXTargetDependency;
			target = 2835FB1E28A097AF009E8404 /* AB_COMMERCE_iOS */;
			targetProxy = 2835FB3628A097B1009E8404 /* PBXContainerItemProxy */;
		};
		2835FB4128A097B1009E8404 /* PBXTargetDependency */ = {
			isa = PBXTargetDependency;
			target = 2835FB1E28A097AF009E8404 /* AB_COMMERCE_iOS */;
			targetProxy = 2835FB4028A097B1009E8404 /* PBXContainerItemProxy */;
		};
/* End PBXTargetDependency section */

/* Begin PBXVariantGroup section */
		2835FB2D28A097B0009E8404 /* LaunchScreen.storyboard */ = {
			isa = PBXVariantGroup;
			children = (
				2835FB2E28A097B0009E8404 /* Base */,
			);
			name = LaunchScreen.storyboard;
			sourceTree = "<group>";
		};
/* End PBXVariantGroup section */

/* Begin XCBuildConfiguration section */
		2835FB4728A097B1009E8404 /* Debug */ = {
			isa = XCBuildConfiguration;
			buildSettings = {
				ALWAYS_SEARCH_USER_PATHS = NO;
				CLANG_ANALYZER_NONNULL = YES;
				CLANG_ANALYZER_NUMBER_OBJECT_CONVERSION = YES_AGGRESSIVE;
				CLANG_CXX_LANGUAGE_STANDARD = "gnu++17";
				CLANG_ENABLE_MODULES = YES;
				CLANG_ENABLE_OBJC_ARC = YES;
				CLANG_ENABLE_OBJC_WEAK = YES;
				CLANG_WARN_BLOCK_CAPTURE_AUTORELEASING = YES;
				CLANG_WARN_BOOL_CONVERSION = YES;
				CLANG_WARN_COMMA = YES;
				CLANG_WARN_CONSTANT_CONVERSION = YES;
				CLANG_WARN_DEPRECATED_OBJC_IMPLEMENTATIONS = YES;
				CLANG_WARN_DIRECT_OBJC_ISA_USAGE = YES_ERROR;
				CLANG_WARN_DOCUMENTATION_COMMENTS = YES;
				CLANG_WARN_EMPTY_BODY = YES;
				CLANG_WARN_ENUM_CONVERSION = YES;
				CLANG_WARN_INFINITE_RECURSION = YES;
				CLANG_WARN_INT_CONVERSION = YES;
				CLANG_WARN_NON_LITERAL_NULL_CONVERSION = YES;
				CLANG_WARN_OBJC_IMPLICIT_RETAIN_SELF = YES;
				CLANG_WARN_OBJC_LITERAL_CONVERSION = YES;
				CLANG_WARN_OBJC_ROOT_CLASS = YES_ERROR;
				CLANG_WARN_QUOTED_INCLUDE_IN_FRAMEWORK_HEADER = YES;
				CLANG_WARN_RANGE_LOOP_ANALYSIS = YES;
				CLANG_WARN_STRICT_PROTOTYPES = YES;
				CLANG_WARN_SUSPICIOUS_MOVE = YES;
				CLANG_WARN_UNGUARDED_AVAILABILITY = YES_AGGRESSIVE;
				CLANG_WARN_UNREACHABLE_CODE = YES;
				CLANG_WARN__DUPLICATE_METHOD_MATCH = YES;
				COPY_PHASE_STRIP = NO;
				DEBUG_INFORMATION_FORMAT = dwarf;
				ENABLE_STRICT_OBJC_MSGSEND = YES;
				ENABLE_TESTABILITY = YES;
				GCC_C_LANGUAGE_STANDARD = gnu11;
				GCC_DYNAMIC_NO_PIC = NO;
				GCC_NO_COMMON_BLOCKS = YES;
				GCC_OPTIMIZATION_LEVEL = 0;
				GCC_PREPROCESSOR_DEFINITIONS = (
					"DEBUG=1",
					"$(inherited)",
				);
				GCC_WARN_64_TO_32_BIT_CONVERSION = YES;
				GCC_WARN_ABOUT_RETURN_TYPE = YES_ERROR;
				GCC_WARN_UNDECLARED_SELECTOR = YES;
				GCC_WARN_UNINITIALIZED_AUTOS = YES_AGGRESSIVE;
				GCC_WARN_UNUSED_FUNCTION = YES;
				GCC_WARN_UNUSED_VARIABLE = YES;
				IPHONEOS_DEPLOYMENT_TARGET = 15.0;
				MTL_ENABLE_DEBUG_INFO = INCLUDE_SOURCE;
				MTL_FAST_MATH = YES;
				ONLY_ACTIVE_ARCH = YES;
				SDKROOT = iphoneos;
				SWIFT_ACTIVE_COMPILATION_CONDITIONS = DEBUG;
				SWIFT_OPTIMIZATION_LEVEL = "-Onone";
			};
			name = Debug;
		};
		2835FB4828A097B1009E8404 /* Release */ = {
			isa = XCBuildConfiguration;
			buildSettings = {
				ALWAYS_SEARCH_USER_PATHS = NO;
				CLANG_ANALYZER_NONNULL = YES;
				CLANG_ANALYZER_NUMBER_OBJECT_CONVERSION = YES_AGGRESSIVE;
				CLANG_CXX_LANGUAGE_STANDARD = "gnu++17";
				CLANG_ENABLE_MODULES = YES;
				CLANG_ENABLE_OBJC_ARC = YES;
				CLANG_ENABLE_OBJC_WEAK = YES;
				CLANG_WARN_BLOCK_CAPTURE_AUTORELEASING = YES;
				CLANG_WARN_BOOL_CONVERSION = YES;
				CLANG_WARN_COMMA = YES;
				CLANG_WARN_CONSTANT_CONVERSION = YES;
				CLANG_WARN_DEPRECATED_OBJC_IMPLEMENTATIONS = YES;
				CLANG_WARN_DIRECT_OBJC_ISA_USAGE = YES_ERROR;
				CLANG_WARN_DOCUMENTATION_COMMENTS = YES;
				CLANG_WARN_EMPTY_BODY = YES;
				CLANG_WARN_ENUM_CONVERSION = YES;
				CLANG_WARN_INFINITE_RECURSION = YES;
				CLANG_WARN_INT_CONVERSION = YES;
				CLANG_WARN_NON_LITERAL_NULL_CONVERSION = YES;
				CLANG_WARN_OBJC_IMPLICIT_RETAIN_SELF = YES;
				CLANG_WARN_OBJC_LITERAL_CONVERSION = YES;
				CLANG_WARN_OBJC_ROOT_CLASS = YES_ERROR;
				CLANG_WARN_QUOTED_INCLUDE_IN_FRAMEWORK_HEADER = YES;
				CLANG_WARN_RANGE_LOOP_ANALYSIS = YES;
				CLANG_WARN_STRICT_PROTOTYPES = YES;
				CLANG_WARN_SUSPICIOUS_MOVE = YES;
				CLANG_WARN_UNGUARDED_AVAILABILITY = YES_AGGRESSIVE;
				CLANG_WARN_UNREACHABLE_CODE = YES;
				CLANG_WARN__DUPLICATE_METHOD_MATCH = YES;
				COPY_PHASE_STRIP = NO;
				DEBUG_INFORMATION_FORMAT = "dwarf-with-dsym";
				ENABLE_NS_ASSERTIONS = NO;
				ENABLE_STRICT_OBJC_MSGSEND = YES;
				GCC_C_LANGUAGE_STANDARD = gnu11;
				GCC_NO_COMMON_BLOCKS = YES;
				GCC_WARN_64_TO_32_BIT_CONVERSION = YES;
				GCC_WARN_ABOUT_RETURN_TYPE = YES_ERROR;
				GCC_WARN_UNDECLARED_SELECTOR = YES;
				GCC_WARN_UNINITIALIZED_AUTOS = YES_AGGRESSIVE;
				GCC_WARN_UNUSED_FUNCTION = YES;
				GCC_WARN_UNUSED_VARIABLE = YES;
				IPHONEOS_DEPLOYMENT_TARGET = 15.0;
				MTL_ENABLE_DEBUG_INFO = NO;
				MTL_FAST_MATH = YES;
				SDKROOT = iphoneos;
				SWIFT_COMPILATION_MODE = wholemodule;
				SWIFT_OPTIMIZATION_LEVEL = "-O";
				VALIDATE_PRODUCT = YES;
			};
			name = Release;
		};
		2835FB4A28A097B1009E8404 /* Debug */ = {
			isa = XCBuildConfiguration;
			baseConfigurationReference = F246C9EEF2ADD0BEE5BC6FF8 /* Pods-AB_COMMERCE_iOS.debug.xcconfig */;
			buildSettings = {
				ASSETCATALOG_COMPILER_APPICON_NAME = AppIcon;
				ASSETCATALOG_COMPILER_GLOBAL_ACCENT_COLOR_NAME = AccentColor;
				CODE_SIGN_STYLE = Automatic;
				CURRENT_PROJECT_VERSION = 1;
				DEVELOPMENT_TEAM = 2H63TGHS2A;
				GENERATE_INFOPLIST_FILE = YES;
				INFOPLIST_FILE = AB_COMMERCE_iOS/Info.plist;
				INFOPLIST_KEY_UIApplicationSupportsIndirectInputEvents = YES;
				INFOPLIST_KEY_UILaunchStoryboardName = LaunchScreen;
				INFOPLIST_KEY_UISupportedInterfaceOrientations_iPad = "UIInterfaceOrientationPortrait UIInterfaceOrientationPortraitUpsideDown UIInterfaceOrientationLandscapeLeft UIInterfaceOrientationLandscapeRight";
				INFOPLIST_KEY_UISupportedInterfaceOrientations_iPhone = "UIInterfaceOrientationPortrait UIInterfaceOrientationLandscapeLeft UIInterfaceOrientationLandscapeRight";
				LD_RUNPATH_SEARCH_PATHS = (
					"$(inherited)",
					"@executable_path/Frameworks",
				);
				MARKETING_VERSION = 1.0.0;
				PRODUCT_BUNDLE_IDENTIFIER = kr.co.seoyeong.ably;
				PRODUCT_NAME = "$(TARGET_NAME)";
				SWIFT_EMIT_LOC_STRINGS = YES;
				SWIFT_VERSION = 5.0;
				TARGETED_DEVICE_FAMILY = "1,2";
			};
			name = Debug;
		};
		2835FB4B28A097B1009E8404 /* Release */ = {
			isa = XCBuildConfiguration;
			baseConfigurationReference = E7579C72145A063511C9BE26 /* Pods-AB_COMMERCE_iOS.release.xcconfig */;
			buildSettings = {
				ASSETCATALOG_COMPILER_APPICON_NAME = AppIcon;
				ASSETCATALOG_COMPILER_GLOBAL_ACCENT_COLOR_NAME = AccentColor;
				CODE_SIGN_STYLE = Automatic;
				CURRENT_PROJECT_VERSION = 1;
				DEVELOPMENT_TEAM = 2H63TGHS2A;
				GENERATE_INFOPLIST_FILE = YES;
				INFOPLIST_FILE = AB_COMMERCE_iOS/Info.plist;
				INFOPLIST_KEY_UIApplicationSupportsIndirectInputEvents = YES;
				INFOPLIST_KEY_UILaunchStoryboardName = LaunchScreen;
				INFOPLIST_KEY_UISupportedInterfaceOrientations_iPad = "UIInterfaceOrientationPortrait UIInterfaceOrientationPortraitUpsideDown UIInterfaceOrientationLandscapeLeft UIInterfaceOrientationLandscapeRight";
				INFOPLIST_KEY_UISupportedInterfaceOrientations_iPhone = "UIInterfaceOrientationPortrait UIInterfaceOrientationLandscapeLeft UIInterfaceOrientationLandscapeRight";
				LD_RUNPATH_SEARCH_PATHS = (
					"$(inherited)",
					"@executable_path/Frameworks",
				);
				MARKETING_VERSION = 1.0.0;
				PRODUCT_BUNDLE_IDENTIFIER = kr.co.seoyeong.ably;
				PRODUCT_NAME = "$(TARGET_NAME)";
				SWIFT_EMIT_LOC_STRINGS = YES;
				SWIFT_VERSION = 5.0;
				TARGETED_DEVICE_FAMILY = "1,2";
			};
			name = Release;
		};
		2835FB4D28A097B1009E8404 /* Debug */ = {
			isa = XCBuildConfiguration;
			baseConfigurationReference = 57177DD0AA1E4C265D24F8CD /* Pods-AB_COMMERCE_iOSTests.debug.xcconfig */;
			buildSettings = {
				ALWAYS_EMBED_SWIFT_STANDARD_LIBRARIES = YES;
				BUNDLE_LOADER = "$(TEST_HOST)";
				CODE_SIGN_STYLE = Automatic;
				CURRENT_PROJECT_VERSION = 1;
				DEVELOPMENT_TEAM = 2H63TGHS2A;
				GENERATE_INFOPLIST_FILE = YES;
				IPHONEOS_DEPLOYMENT_TARGET = 15.5;
				MARKETING_VERSION = 1.0;
				PRODUCT_BUNDLE_IDENTIFIER = "kr.co.seoyeong.AB-COMMERCE-iOSTests";
				PRODUCT_NAME = "$(TARGET_NAME)";
				SWIFT_EMIT_LOC_STRINGS = NO;
				SWIFT_VERSION = 5.0;
				TARGETED_DEVICE_FAMILY = "1,2";
				TEST_HOST = "$(BUILT_PRODUCTS_DIR)/AB_COMMERCE_iOS.app/AB_COMMERCE_iOS";
			};
			name = Debug;
		};
		2835FB4E28A097B1009E8404 /* Release */ = {
			isa = XCBuildConfiguration;
			baseConfigurationReference = 8087F2D2682C47AF977193C0 /* Pods-AB_COMMERCE_iOSTests.release.xcconfig */;
			buildSettings = {
				ALWAYS_EMBED_SWIFT_STANDARD_LIBRARIES = YES;
				BUNDLE_LOADER = "$(TEST_HOST)";
				CODE_SIGN_STYLE = Automatic;
				CURRENT_PROJECT_VERSION = 1;
				DEVELOPMENT_TEAM = 2H63TGHS2A;
				GENERATE_INFOPLIST_FILE = YES;
				IPHONEOS_DEPLOYMENT_TARGET = 15.5;
				MARKETING_VERSION = 1.0;
				PRODUCT_BUNDLE_IDENTIFIER = "kr.co.seoyeong.AB-COMMERCE-iOSTests";
				PRODUCT_NAME = "$(TARGET_NAME)";
				SWIFT_EMIT_LOC_STRINGS = NO;
				SWIFT_VERSION = 5.0;
				TARGETED_DEVICE_FAMILY = "1,2";
				TEST_HOST = "$(BUILT_PRODUCTS_DIR)/AB_COMMERCE_iOS.app/AB_COMMERCE_iOS";
			};
			name = Release;
		};
		2835FB5028A097B1009E8404 /* Debug */ = {
			isa = XCBuildConfiguration;
			baseConfigurationReference = 35412745532C57C78DFB2267 /* Pods-AB_COMMERCE_iOS-AB_COMMERCE_iOSUITests.debug.xcconfig */;
			buildSettings = {
				ALWAYS_EMBED_SWIFT_STANDARD_LIBRARIES = YES;
				CODE_SIGN_STYLE = Automatic;
				CURRENT_PROJECT_VERSION = 1;
				DEVELOPMENT_TEAM = 2H63TGHS2A;
				GENERATE_INFOPLIST_FILE = YES;
				MARKETING_VERSION = 1.0;
				PRODUCT_BUNDLE_IDENTIFIER = "kr.co.seoyeong.AB-COMMERCE-iOSUITests";
				PRODUCT_NAME = "$(TARGET_NAME)";
				SWIFT_EMIT_LOC_STRINGS = NO;
				SWIFT_VERSION = 5.0;
				TARGETED_DEVICE_FAMILY = "1,2";
				TEST_TARGET_NAME = AB_COMMERCE_iOS;
			};
			name = Debug;
		};
		2835FB5128A097B1009E8404 /* Release */ = {
			isa = XCBuildConfiguration;
			baseConfigurationReference = 577585C14A221B664D52FA54 /* Pods-AB_COMMERCE_iOS-AB_COMMERCE_iOSUITests.release.xcconfig */;
			buildSettings = {
				ALWAYS_EMBED_SWIFT_STANDARD_LIBRARIES = YES;
				CODE_SIGN_STYLE = Automatic;
				CURRENT_PROJECT_VERSION = 1;
				DEVELOPMENT_TEAM = 2H63TGHS2A;
				GENERATE_INFOPLIST_FILE = YES;
				MARKETING_VERSION = 1.0;
				PRODUCT_BUNDLE_IDENTIFIER = "kr.co.seoyeong.AB-COMMERCE-iOSUITests";
				PRODUCT_NAME = "$(TARGET_NAME)";
				SWIFT_EMIT_LOC_STRINGS = NO;
				SWIFT_VERSION = 5.0;
				TARGETED_DEVICE_FAMILY = "1,2";
				TEST_TARGET_NAME = AB_COMMERCE_iOS;
			};
			name = Release;
		};
/* End XCBuildConfiguration section */

/* Begin XCConfigurationList section */
		2835FB1A28A097AF009E8404 /* Build configuration list for PBXProject "AB_COMMERCE_iOS" */ = {
			isa = XCConfigurationList;
			buildConfigurations = (
				2835FB4728A097B1009E8404 /* Debug */,
				2835FB4828A097B1009E8404 /* Release */,
			);
			defaultConfigurationIsVisible = 0;
			defaultConfigurationName = Release;
		};
		2835FB4928A097B1009E8404 /* Build configuration list for PBXNativeTarget "AB_COMMERCE_iOS" */ = {
			isa = XCConfigurationList;
			buildConfigurations = (
				2835FB4A28A097B1009E8404 /* Debug */,
				2835FB4B28A097B1009E8404 /* Release */,
			);
			defaultConfigurationIsVisible = 0;
			defaultConfigurationName = Release;
		};
		2835FB4C28A097B1009E8404 /* Build configuration list for PBXNativeTarget "AB_COMMERCE_iOSTests" */ = {
			isa = XCConfigurationList;
			buildConfigurations = (
				2835FB4D28A097B1009E8404 /* Debug */,
				2835FB4E28A097B1009E8404 /* Release */,
			);
			defaultConfigurationIsVisible = 0;
			defaultConfigurationName = Release;
		};
		2835FB4F28A097B1009E8404 /* Build configuration list for PBXNativeTarget "AB_COMMERCE_iOSUITests" */ = {
			isa = XCConfigurationList;
			buildConfigurations = (
				2835FB5028A097B1009E8404 /* Debug */,
				2835FB5128A097B1009E8404 /* Release */,
			);
			defaultConfigurationIsVisible = 0;
			defaultConfigurationName = Release;
		};
/* End XCConfigurationList section */
	};
	rootObject = 2835FB1728A097AF009E8404 /* Project object */;
}
